// !$*UTF8*$!
{
	archiveVersion = 1;
	classes = {
	};
	objectVersion = 50;
	objects = {

/* Begin PBXBuildFile section */
		FA4EE6CB22BBB129002386AF /* OggAudioPlayer.h in Headers */ = {isa = PBXBuildFile; fileRef = FA4EE6C922BBB129002386AF /* OggAudioPlayer.h */; settings = {ATTRIBUTES = (Public, ); }; };
		FA4EE6D722BBB2E5002386AF /* AudioToolbox.framework in Frameworks */ = {isa = PBXBuildFile; fileRef = FA4EE6D622BBB2E5002386AF /* AudioToolbox.framework */; };
		FA4EE6DA22BBB3A3002386AF /* OggAudioFileDecoder.h in Headers */ = {isa = PBXBuildFile; fileRef = FA4EE6D822BBB3A3002386AF /* OggAudioFileDecoder.h */; settings = {ATTRIBUTES = (Public, ); }; };
		FA4EE6DB22BBB3A3002386AF /* OggAudioFileDecoder.mm in Sources */ = {isa = PBXBuildFile; fileRef = FA4EE6D922BBB3A3002386AF /* OggAudioFileDecoder.mm */; };
		FA4EE6DD22BBB432002386AF /* OggAudioDecoder.h in Headers */ = {isa = PBXBuildFile; fileRef = FA4EE6DC22BBB432002386AF /* OggAudioDecoder.h */; settings = {ATTRIBUTES = (Public, ); }; };
		FA4EE6E122BBB79C002386AF /* Foundation.framework in Frameworks */ = {isa = PBXBuildFile; fileRef = FA4EE6E022BBB79C002386AF /* Foundation.framework */; };
		FA4EE6E422BBBB0D002386AF /* OggVorbisAudioPlayer.h in Headers */ = {isa = PBXBuildFile; fileRef = FA4EE6E222BBBB0D002386AF /* OggVorbisAudioPlayer.h */; settings = {ATTRIBUTES = (Public, ); }; };
		FA4EE6E522BBBB0D002386AF /* OggVorbisAudioPlayer.m in Sources */ = {isa = PBXBuildFile; fileRef = FA4EE6E322BBBB0D002386AF /* OggVorbisAudioPlayer.m */; };
		FA4EE6EE22BC8CF7002386AF /* Vorbis.framework in Frameworks */ = {isa = PBXBuildFile; fileRef = FA4EE6EC22BC8CF7002386AF /* Vorbis.framework */; };
		FA4EE6EF22BC8CF7002386AF /* Ogg.framework in Frameworks */ = {isa = PBXBuildFile; fileRef = FA4EE6ED22BC8CF7002386AF /* Ogg.framework */; };
/* End PBXBuildFile section */

/* Begin PBXFileReference section */
		FA4EE6C622BBB129002386AF /* OggAudioPlayer.framework */ = {isa = PBXFileReference; explicitFileType = wrapper.framework; includeInIndex = 0; path = OggAudioPlayer.framework; sourceTree = BUILT_PRODUCTS_DIR; };
		FA4EE6C922BBB129002386AF /* OggAudioPlayer.h */ = {isa = PBXFileReference; lastKnownFileType = sourcecode.c.h; path = OggAudioPlayer.h; sourceTree = "<group>"; };
		FA4EE6CA22BBB129002386AF /* Info.plist */ = {isa = PBXFileReference; lastKnownFileType = text.plist.xml; path = Info.plist; sourceTree = "<group>"; };
		FA4EE6D622BBB2E5002386AF /* AudioToolbox.framework */ = {isa = PBXFileReference; lastKnownFileType = wrapper.framework; name = AudioToolbox.framework; path = System/Library/Frameworks/AudioToolbox.framework; sourceTree = SDKROOT; };
		FA4EE6D822BBB3A3002386AF /* OggAudioFileDecoder.h */ = {isa = PBXFileReference; lastKnownFileType = sourcecode.c.h; path = OggAudioFileDecoder.h; sourceTree = "<group>"; };
		FA4EE6D922BBB3A3002386AF /* OggAudioFileDecoder.mm */ = {isa = PBXFileReference; lastKnownFileType = sourcecode.cpp.objcpp; path = OggAudioFileDecoder.mm; sourceTree = "<group>"; };
		FA4EE6DC22BBB432002386AF /* OggAudioDecoder.h */ = {isa = PBXFileReference; lastKnownFileType = sourcecode.c.h; path = OggAudioDecoder.h; sourceTree = "<group>"; };
		FA4EE6E022BBB79C002386AF /* Foundation.framework */ = {isa = PBXFileReference; lastKnownFileType = wrapper.framework; name = Foundation.framework; path = System/Library/Frameworks/Foundation.framework; sourceTree = SDKROOT; };
		FA4EE6E222BBBB0D002386AF /* OggVorbisAudioPlayer.h */ = {isa = PBXFileReference; lastKnownFileType = sourcecode.c.h; path = OggVorbisAudioPlayer.h; sourceTree = "<group>"; };
		FA4EE6E322BBBB0D002386AF /* OggVorbisAudioPlayer.m */ = {isa = PBXFileReference; lastKnownFileType = sourcecode.c.objc; path = OggVorbisAudioPlayer.m; sourceTree = "<group>"; };
		FA4EE6E822BC8C5E002386AF /* Ogg.framework */ = {isa = PBXFileReference; lastKnownFileType = wrapper.framework; name = Ogg.framework; path = ../../../.Trash/Ogg.framework; sourceTree = "<group>"; };
		FA4EE6EA22BC8C79002386AF /* Vorbis.framework */ = {isa = PBXFileReference; lastKnownFileType = wrapper.framework; name = Vorbis.framework; path = ../../../.Trash/Vorbis.framework; sourceTree = "<group>"; };
		FA4EE6EC22BC8CF7002386AF /* Vorbis.framework */ = {isa = PBXFileReference; lastKnownFileType = wrapper.framework; name = Vorbis.framework; path = framework/Vorbis.framework; sourceTree = "<group>"; };
		FA4EE6ED22BC8CF7002386AF /* Ogg.framework */ = {isa = PBXFileReference; lastKnownFileType = wrapper.framework; name = Ogg.framework; path = framework/Ogg.framework; sourceTree = "<group>"; };
/* End PBXFileReference section */

/* Begin PBXFrameworksBuildPhase section */
		FA4EE6C322BBB129002386AF /* Frameworks */ = {
			isa = PBXFrameworksBuildPhase;
			buildActionMask = 2147483647;
			files = (
				FA4EE6EE22BC8CF7002386AF /* Vorbis.framework in Frameworks */,
				FA4EE6EF22BC8CF7002386AF /* Ogg.framework in Frameworks */,
				FA4EE6E122BBB79C002386AF /* Foundation.framework in Frameworks */,
				FA4EE6D722BBB2E5002386AF /* AudioToolbox.framework in Frameworks */,
			);
			runOnlyForDeploymentPostprocessing = 0;
		};
/* End PBXFrameworksBuildPhase section */

/* Begin PBXGroup section */
		FA4EE6BC22BBB129002386AF = {
			isa = PBXGroup;
			children = (
				FA4EE6C822BBB129002386AF /* OggAudioPlayer */,
				FA4EE6C722BBB129002386AF /* Products */,
				FA4EE6D122BBB2CA002386AF /* Frameworks */,
			);
			sourceTree = "<group>";
		};
		FA4EE6C722BBB129002386AF /* Products */ = {
			isa = PBXGroup;
			children = (
				FA4EE6C622BBB129002386AF /* OggAudioPlayer.framework */,
			);
			name = Products;
			sourceTree = "<group>";
		};
		FA4EE6C822BBB129002386AF /* OggAudioPlayer */ = {
			isa = PBXGroup;
			children = (
				FA4EE6C922BBB129002386AF /* OggAudioPlayer.h */,
				FA4EE6CA22BBB129002386AF /* Info.plist */,
				FA4EE6D822BBB3A3002386AF /* OggAudioFileDecoder.h */,
				FA4EE6D922BBB3A3002386AF /* OggAudioFileDecoder.mm */,
				FA4EE6DC22BBB432002386AF /* OggAudioDecoder.h */,
				FA4EE6E222BBBB0D002386AF /* OggVorbisAudioPlayer.h */,
				FA4EE6E322BBBB0D002386AF /* OggVorbisAudioPlayer.m */,
			);
			path = OggAudioPlayer;
			sourceTree = "<group>";
		};
		FA4EE6D122BBB2CA002386AF /* Frameworks */ = {
			isa = PBXGroup;
			children = (
				FA4EE6ED22BC8CF7002386AF /* Ogg.framework */,
				FA4EE6EA22BC8C79002386AF /* Vorbis.framework */,
				FA4EE6E822BC8C5E002386AF /* Ogg.framework */,
				FA4EE6EC22BC8CF7002386AF /* Vorbis.framework */,
				FA4EE6E022BBB79C002386AF /* Foundation.framework */,
				FA4EE6D622BBB2E5002386AF /* AudioToolbox.framework */,
			);
			name = Frameworks;
			sourceTree = "<group>";
		};
/* End PBXGroup section */

/* Begin PBXHeadersBuildPhase section */
		FA4EE6C122BBB129002386AF /* Headers */ = {
			isa = PBXHeadersBuildPhase;
			buildActionMask = 2147483647;
			files = (
				FA4EE6DD22BBB432002386AF /* OggAudioDecoder.h in Headers */,
				FA4EE6DA22BBB3A3002386AF /* OggAudioFileDecoder.h in Headers */,
				FA4EE6CB22BBB129002386AF /* OggAudioPlayer.h in Headers */,
				FA4EE6E422BBBB0D002386AF /* OggVorbisAudioPlayer.h in Headers */,
			);
			runOnlyForDeploymentPostprocessing = 0;
		};
/* End PBXHeadersBuildPhase section */

/* Begin PBXNativeTarget section */
		FA4EE6C522BBB129002386AF /* OggAudioPlayer */ = {
			isa = PBXNativeTarget;
			buildConfigurationList = FA4EE6CE22BBB129002386AF /* Build configuration list for PBXNativeTarget "OggAudioPlayer" */;
			buildPhases = (
				FA4EE6C122BBB129002386AF /* Headers */,
				FA4EE6C222BBB129002386AF /* Sources */,
				FA4EE6C322BBB129002386AF /* Frameworks */,
				FA4EE6C422BBB129002386AF /* Resources */,
			);
			buildRules = (
			);
			dependencies = (
			);
			name = OggAudioPlayer;
			productName = OggAudioPlayer;
			productReference = FA4EE6C622BBB129002386AF /* OggAudioPlayer.framework */;
			productType = "com.apple.product-type.framework";
		};
/* End PBXNativeTarget section */

/* Begin PBXProject section */
		FA4EE6BD22BBB129002386AF /* Project object */ = {
			isa = PBXProject;
			attributes = {
				LastUpgradeCheck = 1020;
				ORGANIZATIONNAME = Enter;
				TargetAttributes = {
					FA4EE6C522BBB129002386AF = {
						CreatedOnToolsVersion = 10.2.1;
					};
				};
			};
			buildConfigurationList = FA4EE6C022BBB129002386AF /* Build configuration list for PBXProject "OggAudioPlayer" */;
			compatibilityVersion = "Xcode 9.3";
			developmentRegion = en;
			hasScannedForEncodings = 0;
			knownRegions = (
				en,
			);
			mainGroup = FA4EE6BC22BBB129002386AF;
			productRefGroup = FA4EE6C722BBB129002386AF /* Products */;
			projectDirPath = "";
			projectRoot = "";
			targets = (
				FA4EE6C522BBB129002386AF /* OggAudioPlayer */,
			);
		};
/* End PBXProject section */

/* Begin PBXResourcesBuildPhase section */
		FA4EE6C422BBB129002386AF /* Resources */ = {
			isa = PBXResourcesBuildPhase;
			buildActionMask = 2147483647;
			files = (
			);
			runOnlyForDeploymentPostprocessing = 0;
		};
/* End PBXResourcesBuildPhase section */

/* Begin PBXSourcesBuildPhase section */
		FA4EE6C222BBB129002386AF /* Sources */ = {
			isa = PBXSourcesBuildPhase;
			buildActionMask = 2147483647;
			files = (
				FA4EE6E522BBBB0D002386AF /* OggVorbisAudioPlayer.m in Sources */,
				FA4EE6DB22BBB3A3002386AF /* OggAudioFileDecoder.mm in Sources */,
			);
			runOnlyForDeploymentPostprocessing = 0;
		};
/* End PBXSourcesBuildPhase section */

/* Begin XCBuildConfiguration section */
		FA4EE6CC22BBB129002386AF /* Debug */ = {
			isa = XCBuildConfiguration;
			buildSettings = {
				ALWAYS_SEARCH_USER_PATHS = NO;
				CLANG_ANALYZER_NONNULL = YES;
				CLANG_ANALYZER_NUMBER_OBJECT_CONVERSION = YES_AGGRESSIVE;
				CLANG_CXX_LANGUAGE_STANDARD = "gnu++14";
				CLANG_CXX_LIBRARY = "libc++";
				CLANG_ENABLE_MODULES = YES;
				CLANG_ENABLE_OBJC_ARC = YES;
				CLANG_ENABLE_OBJC_WEAK = YES;
				CLANG_WARN_BLOCK_CAPTURE_AUTORELEASING = YES;
				CLANG_WARN_BOOL_CONVERSION = YES;
				CLANG_WARN_COMMA = YES;
				CLANG_WARN_CONSTANT_CONVERSION = YES;
				CLANG_WARN_DEPRECATED_OBJC_IMPLEMENTATIONS = YES;
				CLANG_WARN_DIRECT_OBJC_ISA_USAGE = YES_ERROR;
				CLANG_WARN_DOCUMENTATION_COMMENTS = YES;
				CLANG_WARN_EMPTY_BODY = YES;
				CLANG_WARN_ENUM_CONVERSION = YES;
				CLANG_WARN_INFINITE_RECURSION = YES;
				CLANG_WARN_INT_CONVERSION = YES;
				CLANG_WARN_NON_LITERAL_NULL_CONVERSION = YES;
				CLANG_WARN_OBJC_IMPLICIT_RETAIN_SELF = YES;
				CLANG_WARN_OBJC_LITERAL_CONVERSION = YES;
				CLANG_WARN_OBJC_ROOT_CLASS = YES_ERROR;
				CLANG_WARN_RANGE_LOOP_ANALYSIS = YES;
				CLANG_WARN_STRICT_PROTOTYPES = YES;
				CLANG_WARN_SUSPICIOUS_MOVE = YES;
				CLANG_WARN_UNGUARDED_AVAILABILITY = YES_AGGRESSIVE;
				CLANG_WARN_UNREACHABLE_CODE = YES;
				CLANG_WARN__DUPLICATE_METHOD_MATCH = YES;
				CODE_SIGN_IDENTITY = "iPhone Developer";
				COPY_PHASE_STRIP = NO;
				CURRENT_PROJECT_VERSION = 1;
				DEBUG_INFORMATION_FORMAT = dwarf;
				ENABLE_STRICT_OBJC_MSGSEND = YES;
				ENABLE_TESTABILITY = YES;
				GCC_C_LANGUAGE_STANDARD = gnu11;
				GCC_DYNAMIC_NO_PIC = NO;
				GCC_NO_COMMON_BLOCKS = YES;
				GCC_OPTIMIZATION_LEVEL = 0;
				GCC_PREPROCESSOR_DEFINITIONS = (
					"DEBUG=1",
					"$(inherited)",
				);
				GCC_WARN_64_TO_32_BIT_CONVERSION = YES;
				GCC_WARN_ABOUT_RETURN_TYPE = YES_ERROR;
				GCC_WARN_UNDECLARED_SELECTOR = YES;
				GCC_WARN_UNINITIALIZED_AUTOS = YES_AGGRESSIVE;
				GCC_WARN_UNUSED_FUNCTION = YES;
				GCC_WARN_UNUSED_VARIABLE = YES;
				IPHONEOS_DEPLOYMENT_TARGET = 12.2;
				MTL_ENABLE_DEBUG_INFO = INCLUDE_SOURCE;
				MTL_FAST_MATH = YES;
				ONLY_ACTIVE_ARCH = YES;
				SDKROOT = iphoneos;
				VERSIONING_SYSTEM = "apple-generic";
				VERSION_INFO_PREFIX = "";
			};
			name = Debug;
		};
		FA4EE6CD22BBB129002386AF /* Release */ = {
			isa = XCBuildConfiguration;
			buildSettings = {
				ALWAYS_SEARCH_USER_PATHS = NO;
				CLANG_ANALYZER_NONNULL = YES;
				CLANG_ANALYZER_NUMBER_OBJECT_CONVERSION = YES_AGGRESSIVE;
				CLANG_CXX_LANGUAGE_STANDARD = "gnu++14";
				CLANG_CXX_LIBRARY = "libc++";
				CLANG_ENABLE_MODULES = YES;
				CLANG_ENABLE_OBJC_ARC = YES;
				CLANG_ENABLE_OBJC_WEAK = YES;
				CLANG_WARN_BLOCK_CAPTURE_AUTORELEASING = YES;
				CLANG_WARN_BOOL_CONVERSION = YES;
				CLANG_WARN_COMMA = YES;
				CLANG_WARN_CONSTANT_CONVERSION = YES;
				CLANG_WARN_DEPRECATED_OBJC_IMPLEMENTATIONS = YES;
				CLANG_WARN_DIRECT_OBJC_ISA_USAGE = YES_ERROR;
				CLANG_WARN_DOCUMENTATION_COMMENTS = YES;
				CLANG_WARN_EMPTY_BODY = YES;
				CLANG_WARN_ENUM_CONVERSION = YES;
				CLANG_WARN_INFINITE_RECURSION = YES;
				CLANG_WARN_INT_CONVERSION = YES;
				CLANG_WARN_NON_LITERAL_NULL_CONVERSION = YES;
				CLANG_WARN_OBJC_IMPLICIT_RETAIN_SELF = YES;
				CLANG_WARN_OBJC_LITERAL_CONVERSION = YES;
				CLANG_WARN_OBJC_ROOT_CLASS = YES_ERROR;
				CLANG_WARN_RANGE_LOOP_ANALYSIS = YES;
				CLANG_WARN_STRICT_PROTOTYPES = YES;
				CLANG_WARN_SUSPICIOUS_MOVE = YES;
				CLANG_WARN_UNGUARDED_AVAILABILITY = YES_AGGRESSIVE;
				CLANG_WARN_UNREACHABLE_CODE = YES;
				CLANG_WARN__DUPLICATE_METHOD_MATCH = YES;
				CODE_SIGN_IDENTITY = "iPhone Developer";
				COPY_PHASE_STRIP = NO;
				CURRENT_PROJECT_VERSION = 1;
				DEBUG_INFORMATION_FORMAT = "dwarf-with-dsym";
				ENABLE_NS_ASSERTIONS = NO;
				ENABLE_STRICT_OBJC_MSGSEND = YES;
				GCC_C_LANGUAGE_STANDARD = gnu11;
				GCC_NO_COMMON_BLOCKS = YES;
				GCC_WARN_64_TO_32_BIT_CONVERSION = YES;
				GCC_WARN_ABOUT_RETURN_TYPE = YES_ERROR;
				GCC_WARN_UNDECLARED_SELECTOR = YES;
				GCC_WARN_UNINITIALIZED_AUTOS = YES_AGGRESSIVE;
				GCC_WARN_UNUSED_FUNCTION = YES;
				GCC_WARN_UNUSED_VARIABLE = YES;
				IPHONEOS_DEPLOYMENT_TARGET = 12.2;
				MTL_ENABLE_DEBUG_INFO = NO;
				MTL_FAST_MATH = YES;
				SDKROOT = iphoneos;
				VALIDATE_PRODUCT = YES;
				VERSIONING_SYSTEM = "apple-generic";
				VERSION_INFO_PREFIX = "";
			};
			name = Release;
		};
		FA4EE6CF22BBB129002386AF /* Debug */ = {
			isa = XCBuildConfiguration;
			buildSettings = {
				CODE_SIGN_IDENTITY = "";
				CODE_SIGN_STYLE = Automatic;
				DEAD_CODE_STRIPPING = NO;
				DEFINES_MODULE = YES;
				DEVELOPMENT_TEAM = 5EVD5KXKJ4;
				DYLIB_COMPATIBILITY_VERSION = 1;
				DYLIB_CURRENT_VERSION = 1;
				DYLIB_INSTALL_NAME_BASE = "@rpath";
				FRAMEWORK_SEARCH_PATHS = (
					"$(inherited)",
					"$(PROJECT_DIR)/framework",
				);
				INFOPLIST_FILE = OggAudioPlayer/Info.plist;
				INSTALL_PATH = "$(LOCAL_LIBRARY_DIR)/Frameworks";
				IPHONEOS_DEPLOYMENT_TARGET = 11.2;
				LD_RUNPATH_SEARCH_PATHS = (
					"$(inherited)",
					"@executable_path/Frameworks",
					"@loader_path/Frameworks",
				);
				LINK_WITH_STANDARD_LIBRARIES = YES;
				MACH_O_TYPE = mh_dylib;
				PRODUCT_BUNDLE_IDENTIFIER = cn.entertech.OggAudioPlayer;
				PRODUCT_NAME = "$(TARGET_NAME:c99extidentifier)";
				SKIP_INSTALL = YES;
				TARGETED_DEVICE_FAMILY = "1,2";
			};
			name = Debug;
		};
		FA4EE6D022BBB129002386AF /* Release */ = {
			isa = XCBuildConfiguration;
			buildSettings = {
				CODE_SIGN_IDENTITY = "";
				CODE_SIGN_STYLE = Automatic;
				DEAD_CODE_STRIPPING = NO;
				DEFINES_MODULE = YES;
				DEVELOPMENT_TEAM = 5EVD5KXKJ4;
				DYLIB_COMPATIBILITY_VERSION = 1;
				DYLIB_CURRENT_VERSION = 1;
				DYLIB_INSTALL_NAME_BASE = "@rpath";
				FRAMEWORK_SEARCH_PATHS = (
					"$(inherited)",
					"$(PROJECT_DIR)/framework",
				);
				INFOPLIST_FILE = OggAudioPlayer/Info.plist;
				INSTALL_PATH = "$(LOCAL_LIBRARY_DIR)/Frameworks";
				IPHONEOS_DEPLOYMENT_TARGET = 11.2;
				LD_RUNPATH_SEARCH_PATHS = (
					"$(inherited)",
					"@executable_path/Frameworks",
					"@loader_path/Frameworks",
				);
				LINK_WITH_STANDARD_LIBRARIES = YES;
				MACH_O_TYPE = mh_dylib;
				PRODUCT_BUNDLE_IDENTIFIER = cn.entertech.OggAudioPlayer;
				PRODUCT_NAME = "$(TARGET_NAME:c99extidentifier)";
				SKIP_INSTALL = YES;
				TARGETED_DEVICE_FAMILY = "1,2";
			};
			name = Release;
		};
/* End XCBuildConfiguration section */

/* Begin XCConfigurationList section */
		FA4EE6C022BBB129002386AF /* Build configuration list for PBXProject "OggAudioPlayer" */ = {
			isa = XCConfigurationList;
			buildConfigurations = (
				FA4EE6CC22BBB129002386AF /* Debug */,
				FA4EE6CD22BBB129002386AF /* Release */,
			);
			defaultConfigurationIsVisible = 0;
			defaultConfigurationName = Release;
		};
		FA4EE6CE22BBB129002386AF /* Build configuration list for PBXNativeTarget "OggAudioPlayer" */ = {
			isa = XCConfigurationList;
			buildConfigurations = (
				FA4EE6CF22BBB129002386AF /* Debug */,
				FA4EE6D022BBB129002386AF /* Release */,
			);
			defaultConfigurationIsVisible = 0;
			defaultConfigurationName = Release;
		};
/* End XCConfigurationList section */
	};
	rootObject = FA4EE6BD22BBB129002386AF /* Project object */;
}
